
Microsoft Visual Studio Solution File, Format Version 12.00
# Visual Studio Version 17
VisualStudioVersion = 17.0.32112.339
MinimumVisualStudioVersion = 10.0.40219.1
Project("{2150E333-8FDC-42A3-9474-1A3956D46DE8}") = "src", "src", "{EF10249A-EC98-46C4-A3EE-36ECFF48C33B}"
EndProject
Project("{2150E333-8FDC-42A3-9474-1A3956D46DE8}") = "test", "test", "{D1458312-E232-4BC2-ABA5-0E584B3C3DEB}"
EndProject
Project("{9A19103F-16F7-4668-BE54-9A1E7A4F7556}") = "Test", "Test\Test.csproj", "{9063E1A3-432B-4FA0-9B8E-07720DBD3452}"
	ProjectSection(ProjectDependencies) = postProject
		{53A95A91-8F2F-4370-B9D7-86D835F32A44} = {53A95A91-8F2F-4370-B9D7-86D835F32A44}
	EndProjectSection
EndProject
Project("{9A19103F-16F7-4668-BE54-9A1E7A4F7556}") = "MyFavoriteMovie.Core", "MyFavoriteMovie.Core\MyFavoriteMovie.Core.csproj", "{53A95A91-8F2F-4370-B9D7-86D835F32A44}"
EndProject
Project("{9A19103F-16F7-4668-BE54-9A1E7A4F7556}") = "MyFavoriteMovie.WebAPI", "MyFavoriteMovie.WebAPI\MyFavoriteMovie.WebAPI.csproj", "{D6019F6B-C38D-4644-81B5-32F0D686C94F}"
EndProject
Global
	GlobalSection(SolutionConfigurationPlatforms) = preSolution
		Debug|Any CPU = Debug|Any CPU
		Release|Any CPU = Release|Any CPU
	EndGlobalSection
	GlobalSection(ProjectConfigurationPlatforms) = postSolution
		{9063E1A3-432B-4FA0-9B8E-07720DBD3452}.Debug|Any CPU.ActiveCfg = Debug|Any CPU
		{9063E1A3-432B-4FA0-9B8E-07720DBD3452}.Debug|Any CPU.Build.0 = Debug|Any CPU
		{9063E1A3-432B-4FA0-9B8E-07720DBD3452}.Release|Any CPU.ActiveCfg = Release|Any CPU
		{9063E1A3-432B-4FA0-9B8E-07720DBD3452}.Release|Any CPU.Build.0 = Release|Any CPU
		{53A95A91-8F2F-4370-B9D7-86D835F32A44}.Debug|Any CPU.ActiveCfg = Debug|Any CPU
		{53A95A91-8F2F-4370-B9D7-86D835F32A44}.Debug|Any CPU.Build.0 = Debug|Any CPU
		{53A95A91-8F2F-4370-B9D7-86D835F32A44}.Release|Any CPU.ActiveCfg = Release|Any CPU
		{53A95A91-8F2F-4370-B9D7-86D835F32A44}.Release|Any CPU.Build.0 = Release|Any CPU
		{D6019F6B-C38D-4644-81B5-32F0D686C94F}.Debug|Any CPU.ActiveCfg = Debug|Any CPU
		{D6019F6B-C38D-4644-81B5-32F0D686C94F}.Debug|Any CPU.Build.0 = Debug|Any CPU
		{D6019F6B-C38D-4644-81B5-32F0D686C94F}.Release|Any CPU.ActiveCfg = Release|Any CPU
		{D6019F6B-C38D-4644-81B5-32F0D686C94F}.Release|Any CPU.Build.0 = Release|Any CPU
	EndGlobalSection
	GlobalSection(SolutionProperties) = preSolution
		HideSolutionNode = FALSE
	EndGlobalSection
	GlobalSection(NestedProjects) = preSolution
		{9063E1A3-432B-4FA0-9B8E-07720DBD3452} = {D1458312-E232-4BC2-ABA5-0E584B3C3DEB}
		{53A95A91-8F2F-4370-B9D7-86D835F32A44} = {EF10249A-EC98-46C4-A3EE-36ECFF48C33B}
		{D6019F6B-C38D-4644-81B5-32F0D686C94F} = {EF10249A-EC98-46C4-A3EE-36ECFF48C33B}
	EndGlobalSection
	GlobalSection(ExtensibilityGlobals) = postSolution
		SolutionGuid = {7B988023-B215-44BC-B37F-A857955FB633}
	EndGlobalSection
EndGlobal
